
Microsoft Visual Studio Solution File, Format Version 12.00
# Visual Studio Version 17
VisualStudioVersion = 17.4.33403.182
MinimumVisualStudioVersion = 10.0.40219.1
Project("{FAE04EC0-301F-11D3-BF4B-00C04F79EFBC}") = "xxx", "xxx.csproj", "{964A5B3F-7FB2-455A-962C-9B1416C06A6C}"
EndProject
Global
	GlobalSection(SolutionConfigurationPlatforms) = preSolution
		Debug|Any CPU = Debug|Any CPU
		Release|Any CPU = Release|Any CPU
	EndGlobalSection
	GlobalSection(ProjectConfigurationPlatforms) = postSolution
		{964A5B3F-7FB2-455A-962C-9B1416C06A6C}.Debug|Any CPU.ActiveCfg = Debug|Any CPU
		{964A5B3F-7FB2-455A-962C-9B1416C06A6C}.Debug|Any CPU.Build.0 = Debug|Any CPU
		{964A5B3F-7FB2-455A-962C-9B1416C06A6C}.Release|Any CPU.ActiveCfg = Release|Any CPU
		{964A5B3F-7FB2-455A-962C-9B1416C06A6C}.Release|Any CPU.Build.0 = Release|Any CPU
	EndGlobalSection
	GlobalSection(SolutionProperties) = preSolution
		HideSolutionNode = FALSE
	EndGlobalSection
	GlobalSection(ExtensibilityGlobals) = postSolution
		SolutionGuid = {DF7A351A-AB2B-456C-829D-64453345FFD3}
	EndGlobalSection
EndGlobal
